<?xml version="1.0" encoding="utf-8"?>
<Project ToolsVersion="4.0" xmlns="http://schemas.microsoft.com/developer/msbuild/2003">
  <ItemGroup>
    <Filter Include="Source Files">
      <UniqueIdentifier>{4FC737F1-C7A5-4376-A066-2A32D752A2FF}</UniqueIdentifier>
      <Extensions>cpp;c;cc;cxx;def;odl;idl;hpj;bat;asm;asmx</Extensions>
    </Filter>
    <Filter Include="Header Files">
      <UniqueIdentifier>{93995380-89BD-4b04-88EB-625FBE52EBFB}</UniqueIdentifier>
      <Extensions>h;hh;hpp;hxx;hm;inl;inc;ipp;xsd</Extensions>
    </Filter>
    <Filter Include="Resource Files">
      <UniqueIdentifier>{67DA6AB6-F800-4c08-8B7A-83BB121AAD01}</UniqueIdentifier>
      <Extensions>rc;ico;cur;bmp;dlg;rc2;rct;bin;rgs;gif;jpg;jpeg;jpe;resx;tiff;tif;png;wav;mfcribbon-ms</Extensions>
    </Filter>
  </ItemGroup>
  <ItemGroup>
    <ClCompile Include="PresenterTests.cpp">
      <Filter>Source Files</Filter>
    </ClCompile>
    <ClCompile Include="HearingAidProcessorTests.cpp">
      <Filter>Source Files</Filter>
    </ClCompile>
    <ClCompile Include="FirFilterTests.cpp">
      <Filter>Source Files</Filter>
    </ClCompile>
    <ClCompile Include="SignalProcessingChainTests.cpp">
      <Filter>Source Files</Filter>
    </ClCompile>
    <ClCompile Include="ChannelProcessingGroupTests.cpp">
      <Filter>Source Files</Filter>
    </ClCompile>
    <ClCompile Include="ScalingProcessorTests.cpp">
      <Filter>Source Files</Filter>
    </ClCompile>
    <ClCompile Include="AudioFileInMemoryTests.cpp">
      <Filter>Source Files</Filter>
    </ClCompile>
    <ClCompile Include="ChannelCopierTester.cpp">
      <Filter>Source Files</Filter>
    </ClCompile>
    <ClCompile Include="BrirAdapterTests.cpp">
      <Filter>Source Files</Filter>
    </ClCompile>
    <ClCompile Include="PrescriptionAdapterTests.cpp">
      <Filter>Source Files</Filter>
    </ClCompile>
    <ClCompile Include="RandomizedStimulusListTests.cpp">
      <Filter>Source Files</Filter>
    </ClCompile>
    <ClCompile Include="TestDocumenterTests.cpp">
      <Filter>Source Files</Filter>
    </ClCompile>
    <ClCompile Include="assert-utility.cpp">
      <Filter>Source Files</Filter>
    </ClCompile>
    <ClCompile Include="SpatialHearingAidModelTests.cpp">
      <Filter>Source Files</Filter>
    </ClCompile>
    <ClCompile Include="AudioFileWriterAdapterTests.cpp">
      <Filter>Source Files</Filter>
    </ClCompile>
    <ClCompile Include="ZeroPaddedLoaderTests.cpp">
      <Filter>Source Files</Filter>
    </ClCompile>
    <ClCompile Include="AudioDevicePlayerTests.cpp">
      <Filter>Source Files</Filter>
    </ClCompile>
    <ClCompile Include="SimulationChannelFactoryImplTests.cpp">
      <Filter>Source Files</Filter>
    </ClCompile>
    <ClCompile Include="CalibrationComputerImplTests.cpp">
      <Filter>Source Files</Filter>
    </ClCompile>
  </ItemGroup>
  <ItemGroup>
    <ClInclude Include="FakeConfigurationFileParser.h">
      <Filter>Header Files</Filter>
    </ClInclude>
    <ClInclude Include="SignalProcessorStub.h">
      <Filter>Header Files</Filter>
    </ClInclude>
    <ClInclude Include="FilterbankCompressorSpy.h">
      <Filter>Header Files</Filter>
    </ClInclude>
    <ClInclude Include="AudioDeviceStub.h">
      <Filter>Header Files</Filter>
    </ClInclude>
    <ClInclude Include="AudioFrameReaderStub.h">
      <Filter>Header Files</Filter>
    </ClInclude>
    <ClInclude Include="LogString.h">
      <Filter>Header Files</Filter>
    </ClInclude>
    <ClInclude Include="AudioFrameProcessorStub.h">
      <Filter>Header Files</Filter>
    </ClInclude>
    <ClInclude Include="ViewStub.h">
      <Filter>Header Files</Filter>
    </ClInclude>
    <ClInclude Include="ModelStub.h">
      <Filter>Header Files</Filter>
    </ClInclude>
    <ClInclude Include="DocumenterStub.h">
      <Filter>Header Files</Filter>
    </ClInclude>
    <ClInclude Include="FakeStimulusList.h">
      <Filter>Header Files</Filter>
    </ClInclude>
    <ClInclude Include="PersistentMemoryWriterStub.h">
      <Filter>Header Files</Filter>
    </ClInclude>
    <ClInclude Include="ArgumentCollection.h">
      <Filter>Header Files</Filter>
    </ClInclude>
    <ClInclude Include="PrescriptionReaderStub.h">
      <Filter>Header Files</Filter>
    </ClInclude>
    <ClInclude Include="BrirReaderStub.h">
      <Filter>Header Files</Filter>
    </ClInclude>
    <ClInclude Include="DirectoryReaderStub.h">
      <Filter>Header Files</Filter>
    </ClInclude>
    <ClInclude Include="RandomizerStub.h">
      <Filter>Header Files</Filter>
    </ClInclude>
    <ClInclude Include="AudioPlayerStub.h">
      <Filter>Header Files</Filter>
    </ClInclude>
    <ClInclude Include="assert-utility.h">
      <Filter>Header Files</Filter>
    </ClInclude>
    <ClInclude Include="SpatializedHearingAidSimulationFactoryStub.h">
      <Filter>Header Files</Filter>
    </ClInclude>
    <ClInclude Include="CalibrationComputerStub.h">
      <Filter>Header Files</Filter>
    </ClInclude>
    <ClInclude Include="AudioProcessingLoaderStub.h">
      <Filter>Header Files</Filter>
    </ClInclude>
    <ClInclude Include="FakeAudioProcessingLoader.h">
      <Filter>Header Files</Filter>
    </ClInclude>
    <ClInclude Include="FakeAudioFile.h">
      <Filter>Header Files</Filter>
    </ClInclude>
    <ClInclude Include="AudioFrameWriterStub.h">
      <Filter>Header Files</Filter>
    </ClInclude>
  </ItemGroup>
</Project>