
Microsoft Visual Studio Solution File, Format Version 12.00
# Visual Studio 15
VisualStudioVersion = 15.0.28010.2046
MinimumVisualStudioVersion = 10.0.40219.1
Project("{8BC9CEB8-8B4A-11D0-8D11-00A0C91BC942}") = "google-tests", "google-tests\google-tests.vcxproj", "{03E08837-A004-40B9-8FD2-4CDA51994ED1}"
	ProjectSection(ProjectDependencies) = postProject
		{6E368A0E-612A-4A30-A18D-145E6341FE31} = {6E368A0E-612A-4A30-A18D-145E6341FE31}
		{668D0564-F956-49E7-AC77-A34F0B33D6B3} = {668D0564-F956-49E7-AC77-A34F0B33D6B3}
	EndProjectSection
EndProject
Project("{8BC9CEB8-8B4A-11D0-8D11-00A0C91BC942}") = "presentation", "presentation\presentation.vcxproj", "{6E368A0E-612A-4A30-A18D-145E6341FE31}"
EndProject
Project("{8BC9CEB8-8B4A-11D0-8D11-00A0C91BC942}") = "hearing-aid-processing", "hearing-aid-processing\hearing-aid-processing.vcxproj", "{668D0564-F956-49E7-AC77-A34F0B33D6B3}"
EndProject
Global
	GlobalSection(SolutionConfigurationPlatforms) = preSolution
		Debug|x64 = Debug|x64
		Debug|x86 = Debug|x86
		Release|x64 = Release|x64
		Release|x86 = Release|x86
	EndGlobalSection
	GlobalSection(ProjectConfigurationPlatforms) = postSolution
		{03E08837-A004-40B9-8FD2-4CDA51994ED1}.Debug|x64.ActiveCfg = Debug|x64
		{03E08837-A004-40B9-8FD2-4CDA51994ED1}.Debug|x64.Build.0 = Debug|x64
		{03E08837-A004-40B9-8FD2-4CDA51994ED1}.Debug|x86.ActiveCfg = Debug|Win32
		{03E08837-A004-40B9-8FD2-4CDA51994ED1}.Debug|x86.Build.0 = Debug|Win32
		{03E08837-A004-40B9-8FD2-4CDA51994ED1}.Release|x64.ActiveCfg = Release|x64
		{03E08837-A004-40B9-8FD2-4CDA51994ED1}.Release|x64.Build.0 = Release|x64
		{03E08837-A004-40B9-8FD2-4CDA51994ED1}.Release|x86.ActiveCfg = Release|Win32
		{03E08837-A004-40B9-8FD2-4CDA51994ED1}.Release|x86.Build.0 = Release|Win32
		{6E368A0E-612A-4A30-A18D-145E6341FE31}.Debug|x64.ActiveCfg = Debug|x64
		{6E368A0E-612A-4A30-A18D-145E6341FE31}.Debug|x64.Build.0 = Debug|x64
		{6E368A0E-612A-4A30-A18D-145E6341FE31}.Debug|x86.ActiveCfg = Debug|Win32
		{6E368A0E-612A-4A30-A18D-145E6341FE31}.Debug|x86.Build.0 = Debug|Win32
		{6E368A0E-612A-4A30-A18D-145E6341FE31}.Release|x64.ActiveCfg = Release|x64
		{6E368A0E-612A-4A30-A18D-145E6341FE31}.Release|x64.Build.0 = Release|x64
		{6E368A0E-612A-4A30-A18D-145E6341FE31}.Release|x86.ActiveCfg = Release|Win32
		{6E368A0E-612A-4A30-A18D-145E6341FE31}.Release|x86.Build.0 = Release|Win32
		{668D0564-F956-49E7-AC77-A34F0B33D6B3}.Debug|x64.ActiveCfg = Debug|x64
		{668D0564-F956-49E7-AC77-A34F0B33D6B3}.Debug|x64.Build.0 = Debug|x64
		{668D0564-F956-49E7-AC77-A34F0B33D6B3}.Debug|x86.ActiveCfg = Debug|Win32
		{668D0564-F956-49E7-AC77-A34F0B33D6B3}.Debug|x86.Build.0 = Debug|Win32
		{668D0564-F956-49E7-AC77-A34F0B33D6B3}.Release|x64.ActiveCfg = Release|x64
		{668D0564-F956-49E7-AC77-A34F0B33D6B3}.Release|x64.Build.0 = Release|x64
		{668D0564-F956-49E7-AC77-A34F0B33D6B3}.Release|x86.ActiveCfg = Release|Win32
		{668D0564-F956-49E7-AC77-A34F0B33D6B3}.Release|x86.Build.0 = Release|Win32
	EndGlobalSection
	GlobalSection(SolutionProperties) = preSolution
		HideSolutionNode = FALSE
	EndGlobalSection
	GlobalSection(ExtensibilityGlobals) = postSolution
		SolutionGuid = {BD475C3D-CA7F-4CFF-948C-085DEF329DD6}
	EndGlobalSection
EndGlobal
