
Microsoft Visual Studio Solution File, Format Version 12.00
# Visual Studio 15
VisualStudioVersion = 15.0.28307.329
MinimumVisualStudioVersion = 10.0.40219.1
Project("{8BC9CEB8-8B4A-11D0-8D11-00A0C91BC942}") = "google-tests", "google-tests\google-tests.vcxproj", "{03E08837-A004-40B9-8FD2-4CDA51994ED1}"
	ProjectSection(ProjectDependencies) = postProject
		{928FDB00-B6B8-4621-8BB5-C2BB4FC74736} = {928FDB00-B6B8-4621-8BB5-C2BB4FC74736}
		{6E368A0E-612A-4A30-A18D-145E6341FE31} = {6E368A0E-612A-4A30-A18D-145E6341FE31}
		{27FD3D17-8E94-4152-B8AF-E40A34C3414F} = {27FD3D17-8E94-4152-B8AF-E40A34C3414F}
		{CD085F18-3FA5-42B6-90E1-23E83DC3CF27} = {CD085F18-3FA5-42B6-90E1-23E83DC3CF27}
		{DD96FE1D-97C0-41D4-8E17-0DF40D3E669C} = {DD96FE1D-97C0-41D4-8E17-0DF40D3E669C}
		{94FF903C-62FE-4B9C-BDE2-FA87D47D0CCD} = {94FF903C-62FE-4B9C-BDE2-FA87D47D0CCD}
		{B63D5042-124C-4D0D-8141-17D8F84F6625} = {B63D5042-124C-4D0D-8141-17D8F84F6625}
		{91FCB34A-3AB2-40BF-AA27-E4B248820462} = {91FCB34A-3AB2-40BF-AA27-E4B248820462}
		{668D0564-F956-49E7-AC77-A34F0B33D6B3} = {668D0564-F956-49E7-AC77-A34F0B33D6B3}
		{8E991A8E-5FA0-492A-8273-A0626CB15164} = {8E991A8E-5FA0-492A-8273-A0626CB15164}
		{49E34B8E-1578-4405-A9D4-3A01039A0543} = {49E34B8E-1578-4405-A9D4-3A01039A0543}
	EndProjectSection
EndProject
Project("{8BC9CEB8-8B4A-11D0-8D11-00A0C91BC942}") = "presentation", "presentation\presentation.vcxproj", "{6E368A0E-612A-4A30-A18D-145E6341FE31}"
EndProject
Project("{8BC9CEB8-8B4A-11D0-8D11-00A0C91BC942}") = "hearing-aid-processing", "hearing-aid-processing\hearing-aid-processing.vcxproj", "{668D0564-F956-49E7-AC77-A34F0B33D6B3}"
EndProject
Project("{8BC9CEB8-8B4A-11D0-8D11-00A0C91BC942}") = "fir-filtering", "fir-filtering\fir-filtering.vcxproj", "{91FCB34A-3AB2-40BF-AA27-E4B248820462}"
EndProject
Project("{8BC9CEB8-8B4A-11D0-8D11-00A0C91BC942}") = "signal-processing", "signal-processing\signal-processing.vcxproj", "{8E991A8E-5FA0-492A-8273-A0626CB15164}"
EndProject
Project("{8BC9CEB8-8B4A-11D0-8D11-00A0C91BC942}") = "main", "main\main.vcxproj", "{21BBA603-6D73-4FDB-AD71-25A1BE2D9AF2}"
	ProjectSection(ProjectDependencies) = postProject
		{928FDB00-B6B8-4621-8BB5-C2BB4FC74736} = {928FDB00-B6B8-4621-8BB5-C2BB4FC74736}
		{6E368A0E-612A-4A30-A18D-145E6341FE31} = {6E368A0E-612A-4A30-A18D-145E6341FE31}
		{27FD3D17-8E94-4152-B8AF-E40A34C3414F} = {27FD3D17-8E94-4152-B8AF-E40A34C3414F}
		{CD085F18-3FA5-42B6-90E1-23E83DC3CF27} = {CD085F18-3FA5-42B6-90E1-23E83DC3CF27}
		{DD96FE1D-97C0-41D4-8E17-0DF40D3E669C} = {DD96FE1D-97C0-41D4-8E17-0DF40D3E669C}
		{94FF903C-62FE-4B9C-BDE2-FA87D47D0CCD} = {94FF903C-62FE-4B9C-BDE2-FA87D47D0CCD}
		{B63D5042-124C-4D0D-8141-17D8F84F6625} = {B63D5042-124C-4D0D-8141-17D8F84F6625}
		{91FCB34A-3AB2-40BF-AA27-E4B248820462} = {91FCB34A-3AB2-40BF-AA27-E4B248820462}
		{668D0564-F956-49E7-AC77-A34F0B33D6B3} = {668D0564-F956-49E7-AC77-A34F0B33D6B3}
		{8E991A8E-5FA0-492A-8273-A0626CB15164} = {8E991A8E-5FA0-492A-8273-A0626CB15164}
		{49E34B8E-1578-4405-A9D4-3A01039A0543} = {49E34B8E-1578-4405-A9D4-3A01039A0543}
	EndProjectSection
EndProject
Project("{8BC9CEB8-8B4A-11D0-8D11-00A0C91BC942}") = "playing-audio", "playing-audio\playing-audio.vcxproj", "{B63D5042-124C-4D0D-8141-17D8F84F6625}"
EndProject
Project("{8BC9CEB8-8B4A-11D0-8D11-00A0C91BC942}") = "dsl-prescription", "dsl-prescription\dsl-prescription.vcxproj", "{94FF903C-62FE-4B9C-BDE2-FA87D47D0CCD}"
EndProject
Project("{8BC9CEB8-8B4A-11D0-8D11-00A0C91BC942}") = "fir-filtering-profiling", "fir-filtering-profiling\fir-filtering-profiling.vcxproj", "{93B0C687-F972-4784-86FD-7B639A1D114B}"
	ProjectSection(ProjectDependencies) = postProject
		{91FCB34A-3AB2-40BF-AA27-E4B248820462} = {91FCB34A-3AB2-40BF-AA27-E4B248820462}
	EndProjectSection
EndProject
Project("{8BC9CEB8-8B4A-11D0-8D11-00A0C91BC942}") = "binaural-room-impulse-response", "binaural-room-impulse-response\binaural-room-impulse-response.vcxproj", "{27FD3D17-8E94-4152-B8AF-E40A34C3414F}"
EndProject
Project("{8BC9CEB8-8B4A-11D0-8D11-00A0C91BC942}") = "stimulus-list", "stimulus-list\stimulus-list.vcxproj", "{CD085F18-3FA5-42B6-90E1-23E83DC3CF27}"
EndProject
Project("{8BC9CEB8-8B4A-11D0-8D11-00A0C91BC942}") = "test-documenting", "test-documenting\test-documenting.vcxproj", "{928FDB00-B6B8-4621-8BB5-C2BB4FC74736}"
EndProject
Project("{8BC9CEB8-8B4A-11D0-8D11-00A0C91BC942}") = "spatialized-hearing-aid-simulation", "spatialized-hearing-aid-simulation\spatialized-hearing-aid-simulation.vcxproj", "{DD96FE1D-97C0-41D4-8E17-0DF40D3E669C}"
EndProject
Project("{8BC9CEB8-8B4A-11D0-8D11-00A0C91BC942}") = "audio-file-reading-writing", "audio-file-reading-writing\audio-file-reading-writing.vcxproj", "{49E34B8E-1578-4405-A9D4-3A01039A0543}"
EndProject
Project("{54435603-DBB4-11D2-8724-00A0C9A8B90C}") = "Setup", "Setup\Setup.vdproj", "{6F16720A-C6D9-4EF0-9A24-EA7109538405}"
EndProject
Global
	GlobalSection(SolutionConfigurationPlatforms) = preSolution
		Debug|x64 = Debug|x64
		Debug|x86 = Debug|x86
		Release|x64 = Release|x64
		Release|x86 = Release|x86
	EndGlobalSection
	GlobalSection(ProjectConfigurationPlatforms) = postSolution
		{03E08837-A004-40B9-8FD2-4CDA51994ED1}.Debug|x64.ActiveCfg = Debug|x64
		{03E08837-A004-40B9-8FD2-4CDA51994ED1}.Debug|x64.Build.0 = Debug|x64
		{03E08837-A004-40B9-8FD2-4CDA51994ED1}.Debug|x86.ActiveCfg = Debug|Win32
		{03E08837-A004-40B9-8FD2-4CDA51994ED1}.Debug|x86.Build.0 = Debug|Win32
		{03E08837-A004-40B9-8FD2-4CDA51994ED1}.Release|x64.ActiveCfg = Release|x64
		{03E08837-A004-40B9-8FD2-4CDA51994ED1}.Release|x64.Build.0 = Release|x64
		{03E08837-A004-40B9-8FD2-4CDA51994ED1}.Release|x86.ActiveCfg = Release|Win32
		{03E08837-A004-40B9-8FD2-4CDA51994ED1}.Release|x86.Build.0 = Release|Win32
		{6E368A0E-612A-4A30-A18D-145E6341FE31}.Debug|x64.ActiveCfg = Debug|x64
		{6E368A0E-612A-4A30-A18D-145E6341FE31}.Debug|x64.Build.0 = Debug|x64
		{6E368A0E-612A-4A30-A18D-145E6341FE31}.Debug|x86.ActiveCfg = Debug|Win32
		{6E368A0E-612A-4A30-A18D-145E6341FE31}.Debug|x86.Build.0 = Debug|Win32
		{6E368A0E-612A-4A30-A18D-145E6341FE31}.Release|x64.ActiveCfg = Release|x64
		{6E368A0E-612A-4A30-A18D-145E6341FE31}.Release|x64.Build.0 = Release|x64
		{6E368A0E-612A-4A30-A18D-145E6341FE31}.Release|x86.ActiveCfg = Release|Win32
		{6E368A0E-612A-4A30-A18D-145E6341FE31}.Release|x86.Build.0 = Release|Win32
		{668D0564-F956-49E7-AC77-A34F0B33D6B3}.Debug|x64.ActiveCfg = Debug|x64
		{668D0564-F956-49E7-AC77-A34F0B33D6B3}.Debug|x64.Build.0 = Debug|x64
		{668D0564-F956-49E7-AC77-A34F0B33D6B3}.Debug|x86.ActiveCfg = Debug|Win32
		{668D0564-F956-49E7-AC77-A34F0B33D6B3}.Debug|x86.Build.0 = Debug|Win32
		{668D0564-F956-49E7-AC77-A34F0B33D6B3}.Release|x64.ActiveCfg = Release|x64
		{668D0564-F956-49E7-AC77-A34F0B33D6B3}.Release|x64.Build.0 = Release|x64
		{668D0564-F956-49E7-AC77-A34F0B33D6B3}.Release|x86.ActiveCfg = Release|Win32
		{668D0564-F956-49E7-AC77-A34F0B33D6B3}.Release|x86.Build.0 = Release|Win32
		{91FCB34A-3AB2-40BF-AA27-E4B248820462}.Debug|x64.ActiveCfg = Debug|x64
		{91FCB34A-3AB2-40BF-AA27-E4B248820462}.Debug|x64.Build.0 = Debug|x64
		{91FCB34A-3AB2-40BF-AA27-E4B248820462}.Debug|x86.ActiveCfg = Debug|Win32
		{91FCB34A-3AB2-40BF-AA27-E4B248820462}.Debug|x86.Build.0 = Debug|Win32
		{91FCB34A-3AB2-40BF-AA27-E4B248820462}.Release|x64.ActiveCfg = Release|x64
		{91FCB34A-3AB2-40BF-AA27-E4B248820462}.Release|x64.Build.0 = Release|x64
		{91FCB34A-3AB2-40BF-AA27-E4B248820462}.Release|x86.ActiveCfg = Release|Win32
		{91FCB34A-3AB2-40BF-AA27-E4B248820462}.Release|x86.Build.0 = Release|Win32
		{8E991A8E-5FA0-492A-8273-A0626CB15164}.Debug|x64.ActiveCfg = Debug|x64
		{8E991A8E-5FA0-492A-8273-A0626CB15164}.Debug|x64.Build.0 = Debug|x64
		{8E991A8E-5FA0-492A-8273-A0626CB15164}.Debug|x86.ActiveCfg = Debug|Win32
		{8E991A8E-5FA0-492A-8273-A0626CB15164}.Debug|x86.Build.0 = Debug|Win32
		{8E991A8E-5FA0-492A-8273-A0626CB15164}.Release|x64.ActiveCfg = Release|x64
		{8E991A8E-5FA0-492A-8273-A0626CB15164}.Release|x64.Build.0 = Release|x64
		{8E991A8E-5FA0-492A-8273-A0626CB15164}.Release|x86.ActiveCfg = Release|Win32
		{8E991A8E-5FA0-492A-8273-A0626CB15164}.Release|x86.Build.0 = Release|Win32
		{21BBA603-6D73-4FDB-AD71-25A1BE2D9AF2}.Debug|x64.ActiveCfg = Debug|x64
		{21BBA603-6D73-4FDB-AD71-25A1BE2D9AF2}.Debug|x64.Build.0 = Debug|x64
		{21BBA603-6D73-4FDB-AD71-25A1BE2D9AF2}.Debug|x86.ActiveCfg = Debug|Win32
		{21BBA603-6D73-4FDB-AD71-25A1BE2D9AF2}.Debug|x86.Build.0 = Debug|Win32
		{21BBA603-6D73-4FDB-AD71-25A1BE2D9AF2}.Release|x64.ActiveCfg = Release|x64
		{21BBA603-6D73-4FDB-AD71-25A1BE2D9AF2}.Release|x64.Build.0 = Release|x64
		{21BBA603-6D73-4FDB-AD71-25A1BE2D9AF2}.Release|x86.ActiveCfg = Release|Win32
		{21BBA603-6D73-4FDB-AD71-25A1BE2D9AF2}.Release|x86.Build.0 = Release|Win32
		{B63D5042-124C-4D0D-8141-17D8F84F6625}.Debug|x64.ActiveCfg = Debug|x64
		{B63D5042-124C-4D0D-8141-17D8F84F6625}.Debug|x64.Build.0 = Debug|x64
		{B63D5042-124C-4D0D-8141-17D8F84F6625}.Debug|x86.ActiveCfg = Debug|Win32
		{B63D5042-124C-4D0D-8141-17D8F84F6625}.Debug|x86.Build.0 = Debug|Win32
		{B63D5042-124C-4D0D-8141-17D8F84F6625}.Release|x64.ActiveCfg = Release|x64
		{B63D5042-124C-4D0D-8141-17D8F84F6625}.Release|x64.Build.0 = Release|x64
		{B63D5042-124C-4D0D-8141-17D8F84F6625}.Release|x86.ActiveCfg = Release|Win32
		{B63D5042-124C-4D0D-8141-17D8F84F6625}.Release|x86.Build.0 = Release|Win32
		{94FF903C-62FE-4B9C-BDE2-FA87D47D0CCD}.Debug|x64.ActiveCfg = Debug|x64
		{94FF903C-62FE-4B9C-BDE2-FA87D47D0CCD}.Debug|x64.Build.0 = Debug|x64
		{94FF903C-62FE-4B9C-BDE2-FA87D47D0CCD}.Debug|x86.ActiveCfg = Debug|Win32
		{94FF903C-62FE-4B9C-BDE2-FA87D47D0CCD}.Debug|x86.Build.0 = Debug|Win32
		{94FF903C-62FE-4B9C-BDE2-FA87D47D0CCD}.Release|x64.ActiveCfg = Release|x64
		{94FF903C-62FE-4B9C-BDE2-FA87D47D0CCD}.Release|x64.Build.0 = Release|x64
		{94FF903C-62FE-4B9C-BDE2-FA87D47D0CCD}.Release|x86.ActiveCfg = Release|Win32
		{94FF903C-62FE-4B9C-BDE2-FA87D47D0CCD}.Release|x86.Build.0 = Release|Win32
		{93B0C687-F972-4784-86FD-7B639A1D114B}.Debug|x64.ActiveCfg = Debug|x64
		{93B0C687-F972-4784-86FD-7B639A1D114B}.Debug|x64.Build.0 = Debug|x64
		{93B0C687-F972-4784-86FD-7B639A1D114B}.Debug|x86.ActiveCfg = Debug|Win32
		{93B0C687-F972-4784-86FD-7B639A1D114B}.Debug|x86.Build.0 = Debug|Win32
		{93B0C687-F972-4784-86FD-7B639A1D114B}.Release|x64.ActiveCfg = Release|x64
		{93B0C687-F972-4784-86FD-7B639A1D114B}.Release|x64.Build.0 = Release|x64
		{93B0C687-F972-4784-86FD-7B639A1D114B}.Release|x86.ActiveCfg = Release|Win32
		{93B0C687-F972-4784-86FD-7B639A1D114B}.Release|x86.Build.0 = Release|Win32
		{27FD3D17-8E94-4152-B8AF-E40A34C3414F}.Debug|x64.ActiveCfg = Debug|x64
		{27FD3D17-8E94-4152-B8AF-E40A34C3414F}.Debug|x64.Build.0 = Debug|x64
		{27FD3D17-8E94-4152-B8AF-E40A34C3414F}.Debug|x86.ActiveCfg = Debug|Win32
		{27FD3D17-8E94-4152-B8AF-E40A34C3414F}.Debug|x86.Build.0 = Debug|Win32
		{27FD3D17-8E94-4152-B8AF-E40A34C3414F}.Release|x64.ActiveCfg = Release|x64
		{27FD3D17-8E94-4152-B8AF-E40A34C3414F}.Release|x64.Build.0 = Release|x64
		{27FD3D17-8E94-4152-B8AF-E40A34C3414F}.Release|x86.ActiveCfg = Release|Win32
		{27FD3D17-8E94-4152-B8AF-E40A34C3414F}.Release|x86.Build.0 = Release|Win32
		{CD085F18-3FA5-42B6-90E1-23E83DC3CF27}.Debug|x64.ActiveCfg = Debug|x64
		{CD085F18-3FA5-42B6-90E1-23E83DC3CF27}.Debug|x64.Build.0 = Debug|x64
		{CD085F18-3FA5-42B6-90E1-23E83DC3CF27}.Debug|x86.ActiveCfg = Debug|Win32
		{CD085F18-3FA5-42B6-90E1-23E83DC3CF27}.Debug|x86.Build.0 = Debug|Win32
		{CD085F18-3FA5-42B6-90E1-23E83DC3CF27}.Release|x64.ActiveCfg = Release|x64
		{CD085F18-3FA5-42B6-90E1-23E83DC3CF27}.Release|x64.Build.0 = Release|x64
		{CD085F18-3FA5-42B6-90E1-23E83DC3CF27}.Release|x86.ActiveCfg = Release|Win32
		{CD085F18-3FA5-42B6-90E1-23E83DC3CF27}.Release|x86.Build.0 = Release|Win32
		{928FDB00-B6B8-4621-8BB5-C2BB4FC74736}.Debug|x64.ActiveCfg = Debug|x64
		{928FDB00-B6B8-4621-8BB5-C2BB4FC74736}.Debug|x64.Build.0 = Debug|x64
		{928FDB00-B6B8-4621-8BB5-C2BB4FC74736}.Debug|x86.ActiveCfg = Debug|Win32
		{928FDB00-B6B8-4621-8BB5-C2BB4FC74736}.Debug|x86.Build.0 = Debug|Win32
		{928FDB00-B6B8-4621-8BB5-C2BB4FC74736}.Release|x64.ActiveCfg = Release|x64
		{928FDB00-B6B8-4621-8BB5-C2BB4FC74736}.Release|x64.Build.0 = Release|x64
		{928FDB00-B6B8-4621-8BB5-C2BB4FC74736}.Release|x86.ActiveCfg = Release|Win32
		{928FDB00-B6B8-4621-8BB5-C2BB4FC74736}.Release|x86.Build.0 = Release|Win32
		{DD96FE1D-97C0-41D4-8E17-0DF40D3E669C}.Debug|x64.ActiveCfg = Debug|x64
		{DD96FE1D-97C0-41D4-8E17-0DF40D3E669C}.Debug|x64.Build.0 = Debug|x64
		{DD96FE1D-97C0-41D4-8E17-0DF40D3E669C}.Debug|x86.ActiveCfg = Debug|Win32
		{DD96FE1D-97C0-41D4-8E17-0DF40D3E669C}.Debug|x86.Build.0 = Debug|Win32
		{DD96FE1D-97C0-41D4-8E17-0DF40D3E669C}.Release|x64.ActiveCfg = Release|x64
		{DD96FE1D-97C0-41D4-8E17-0DF40D3E669C}.Release|x64.Build.0 = Release|x64
		{DD96FE1D-97C0-41D4-8E17-0DF40D3E669C}.Release|x86.ActiveCfg = Release|Win32
		{DD96FE1D-97C0-41D4-8E17-0DF40D3E669C}.Release|x86.Build.0 = Release|Win32
		{49E34B8E-1578-4405-A9D4-3A01039A0543}.Debug|x64.ActiveCfg = Debug|x64
		{49E34B8E-1578-4405-A9D4-3A01039A0543}.Debug|x64.Build.0 = Debug|x64
		{49E34B8E-1578-4405-A9D4-3A01039A0543}.Debug|x86.ActiveCfg = Debug|Win32
		{49E34B8E-1578-4405-A9D4-3A01039A0543}.Debug|x86.Build.0 = Debug|Win32
		{49E34B8E-1578-4405-A9D4-3A01039A0543}.Release|x64.ActiveCfg = Release|x64
		{49E34B8E-1578-4405-A9D4-3A01039A0543}.Release|x64.Build.0 = Release|x64
		{49E34B8E-1578-4405-A9D4-3A01039A0543}.Release|x86.ActiveCfg = Release|Win32
		{49E34B8E-1578-4405-A9D4-3A01039A0543}.Release|x86.Build.0 = Release|Win32
		{6F16720A-C6D9-4EF0-9A24-EA7109538405}.Debug|x64.ActiveCfg = Debug
		{6F16720A-C6D9-4EF0-9A24-EA7109538405}.Debug|x64.Build.0 = Debug
		{6F16720A-C6D9-4EF0-9A24-EA7109538405}.Debug|x86.ActiveCfg = Debug
		{6F16720A-C6D9-4EF0-9A24-EA7109538405}.Debug|x86.Build.0 = Debug
		{6F16720A-C6D9-4EF0-9A24-EA7109538405}.Release|x64.ActiveCfg = Release
		{6F16720A-C6D9-4EF0-9A24-EA7109538405}.Release|x64.Build.0 = Release
		{6F16720A-C6D9-4EF0-9A24-EA7109538405}.Release|x86.ActiveCfg = Release
		{6F16720A-C6D9-4EF0-9A24-EA7109538405}.Release|x86.Build.0 = Release
	EndGlobalSection
	GlobalSection(SolutionProperties) = preSolution
		HideSolutionNode = FALSE
	EndGlobalSection
	GlobalSection(ExtensibilityGlobals) = postSolution
		SolutionGuid = {BD475C3D-CA7F-4CFF-948C-085DEF329DD6}
	EndGlobalSection
EndGlobal
